
Microsoft Visual Studio Solution File, Format Version 12.00
# Visual Studio Version 16
VisualStudioVersion = 16.0.30523.141
MinimumVisualStudioVersion = 10.0.40219.1
Project("{9A19103F-16F7-4668-BE54-9A1E7A4F7556}") = "Blazor.AdminLte.Server", "Blazor.AdminLte.Server\Blazor.AdminLte.Server.csproj", "{7E4D7A95-D1ED-4166-B066-E2FF3D9A9BDA}"
EndProject
Global
	GlobalSection(SolutionConfigurationPlatforms) = preSolution
		Debug|Any CPU = Debug|Any CPU
		Release|Any CPU = Release|Any CPU
	EndGlobalSection
	GlobalSection(ProjectConfigurationPlatforms) = postSolution
		{7E4D7A95-D1ED-4166-B066-E2FF3D9A9BDA}.Debug|Any CPU.ActiveCfg = Debug|Any CPU
		{7E4D7A95-D1ED-4166-B066-E2FF3D9A9BDA}.Debug|Any CPU.Build.0 = Debug|Any CPU
		{7E4D7A95-D1ED-4166-B066-E2FF3D9A9BDA}.Release|Any CPU.ActiveCfg = Release|Any CPU
		{7E4D7A95-D1ED-4166-B066-E2FF3D9A9BDA}.Release|Any CPU.Build.0 = Release|Any CPU
	EndGlobalSection
	GlobalSection(SolutionProperties) = preSolution
		HideSolutionNode = FALSE
	EndGlobalSection
	GlobalSection(ExtensibilityGlobals) = postSolution
		SolutionGuid = {FE90BF05-413C-4A8C-980D-96CC84E38440}
	EndGlobalSection
EndGlobal
