
Microsoft Visual Studio Solution File, Format Version 12.00
# Visual Studio Version 17
VisualStudioVersion = 17.3.32825.248
MinimumVisualStudioVersion = 10.0.40219.1
Project("{9A19103F-16F7-4668-BE54-9A1E7A4F7556}") = "Blazor.AdminLte.Security.Abstractions", "Blazor.AdminLte.UserApi.Abstractions\Blazor.AdminLte.Security.Abstractions.csproj", "{70A49E32-9373-4198-8B7B-A4F82C547C0B}"
EndProject
Project("{9A19103F-16F7-4668-BE54-9A1E7A4F7556}") = "Blazor.AdminLte.UserApi", "Blazor.AdminLte.UserApi\Blazor.AdminLte.UserApi.csproj", "{14342624-3549-4A96-B5FD-B033E1BA4B43}"
EndProject
Global
	GlobalSection(SolutionConfigurationPlatforms) = preSolution
		Debug|Any CPU = Debug|Any CPU
		Release|Any CPU = Release|Any CPU
	EndGlobalSection
	GlobalSection(ProjectConfigurationPlatforms) = postSolution
		{70A49E32-9373-4198-8B7B-A4F82C547C0B}.Debug|Any CPU.ActiveCfg = Debug|Any CPU
		{70A49E32-9373-4198-8B7B-A4F82C547C0B}.Debug|Any CPU.Build.0 = Debug|Any CPU
		{70A49E32-9373-4198-8B7B-A4F82C547C0B}.Release|Any CPU.ActiveCfg = Release|Any CPU
		{70A49E32-9373-4198-8B7B-A4F82C547C0B}.Release|Any CPU.Build.0 = Release|Any CPU
		{14342624-3549-4A96-B5FD-B033E1BA4B43}.Debug|Any CPU.ActiveCfg = Debug|Any CPU
		{14342624-3549-4A96-B5FD-B033E1BA4B43}.Debug|Any CPU.Build.0 = Debug|Any CPU
		{14342624-3549-4A96-B5FD-B033E1BA4B43}.Release|Any CPU.ActiveCfg = Release|Any CPU
		{14342624-3549-4A96-B5FD-B033E1BA4B43}.Release|Any CPU.Build.0 = Release|Any CPU
	EndGlobalSection
	GlobalSection(SolutionProperties) = preSolution
		HideSolutionNode = FALSE
	EndGlobalSection
	GlobalSection(ExtensibilityGlobals) = postSolution
		SolutionGuid = {CDB8DAB5-DC4B-43A0-85EE-69F736BF2BD6}
	EndGlobalSection
EndGlobal
