
Microsoft Visual Studio Solution File, Format Version 12.00
# Visual Studio Version 17
VisualStudioVersion = 17.0.32112.339
MinimumVisualStudioVersion = 10.0.40219.1
Project("{9A19103F-16F7-4668-BE54-9A1E7A4F7556}") = "Blazor.AdminLte", "Blazor.AdminLte\Blazor.AdminLte.csproj", "{69F6B201-778C-4462-AEFA-F28D4A51ED1A}"
EndProject
Project("{9A19103F-16F7-4668-BE54-9A1E7A4F7556}") = "Blazor.AdminLte.Site", "Blazor.AdminLte.Site\Blazor.AdminLte.Site.csproj", "{1001CB02-ED97-411F-8F5A-AB82E90A9AEB}"
EndProject
Project("{9A19103F-16F7-4668-BE54-9A1E7A4F7556}") = "Blazor.AdminLte.Site.Shared", "Blazor.AdminLte.Site.Shared\Blazor.AdminLte.Site.Shared.csproj", "{9EED29EA-EAEE-410B-8E33-BF50176F47D4}"
EndProject
Project("{9A19103F-16F7-4668-BE54-9A1E7A4F7556}") = "Blazor.AdminLte.Wasm", "Blazor.AdminLte.Wasm\Blazor.AdminLte.Wasm.csproj", "{18C07DB3-6FAC-454A-AAB1-32D8AF3E8905}"
EndProject
Project("{9A19103F-16F7-4668-BE54-9A1E7A4F7556}") = "Blazor.AdminLte.Content", "Blazor.AdminLte.Content\Blazor.AdminLte.Content.csproj", "{38FD34A9-6D18-4F54-B1ED-484854C334D2}"
EndProject
Project("{9A19103F-16F7-4668-BE54-9A1E7A4F7556}") = "Blazor.AdminLte.Tests", "Blazor.AdminLte.Tests\Blazor.AdminLte.Tests.csproj", "{2151987F-19C4-4172-B4C4-B9D0573DDFBB}"
EndProject
Project("{9A19103F-16F7-4668-BE54-9A1E7A4F7556}") = "GitHubPages", "GitHubPages\GitHubPages.csproj", "{7C4631B2-B9A7-4C3A-A4CC-47CD02D04F6A}"
EndProject
Project("{2150E333-8FDC-42A3-9474-1A3956D46DE8}") = "backend", "backend", "{45F97E5D-6F51-49A1-9407-8A1168BFC33F}"
EndProject
Project("{9A19103F-16F7-4668-BE54-9A1E7A4F7556}") = "Blazor.AdminLte.UserApi", "backend\Blazor.AdminLte.UserApi\Blazor.AdminLte.UserApi.csproj", "{01715641-2737-4CAC-8520-E324DA17D7E6}"
EndProject
Project("{9A19103F-16F7-4668-BE54-9A1E7A4F7556}") = "Blazor.AdminLte.Security.Abstractions", "backend\Blazor.AdminLte.UserApi.Abstractions\Blazor.AdminLte.Security.Abstractions.csproj", "{572BF5C5-18D0-4C14-9CA3-716E5C53F0AD}"
EndProject
Global
	GlobalSection(SolutionConfigurationPlatforms) = preSolution
		Debug|Any CPU = Debug|Any CPU
		Release|Any CPU = Release|Any CPU
	EndGlobalSection
	GlobalSection(ProjectConfigurationPlatforms) = postSolution
		{69F6B201-778C-4462-AEFA-F28D4A51ED1A}.Debug|Any CPU.ActiveCfg = Debug|Any CPU
		{69F6B201-778C-4462-AEFA-F28D4A51ED1A}.Debug|Any CPU.Build.0 = Debug|Any CPU
		{69F6B201-778C-4462-AEFA-F28D4A51ED1A}.Release|Any CPU.ActiveCfg = Release|Any CPU
		{69F6B201-778C-4462-AEFA-F28D4A51ED1A}.Release|Any CPU.Build.0 = Release|Any CPU
		{1001CB02-ED97-411F-8F5A-AB82E90A9AEB}.Debug|Any CPU.ActiveCfg = Debug|Any CPU
		{1001CB02-ED97-411F-8F5A-AB82E90A9AEB}.Debug|Any CPU.Build.0 = Debug|Any CPU
		{1001CB02-ED97-411F-8F5A-AB82E90A9AEB}.Release|Any CPU.ActiveCfg = Release|Any CPU
		{1001CB02-ED97-411F-8F5A-AB82E90A9AEB}.Release|Any CPU.Build.0 = Release|Any CPU
		{9EED29EA-EAEE-410B-8E33-BF50176F47D4}.Debug|Any CPU.ActiveCfg = Debug|Any CPU
		{9EED29EA-EAEE-410B-8E33-BF50176F47D4}.Debug|Any CPU.Build.0 = Debug|Any CPU
		{9EED29EA-EAEE-410B-8E33-BF50176F47D4}.Release|Any CPU.ActiveCfg = Release|Any CPU
		{9EED29EA-EAEE-410B-8E33-BF50176F47D4}.Release|Any CPU.Build.0 = Release|Any CPU
		{18C07DB3-6FAC-454A-AAB1-32D8AF3E8905}.Debug|Any CPU.ActiveCfg = Debug|Any CPU
		{18C07DB3-6FAC-454A-AAB1-32D8AF3E8905}.Debug|Any CPU.Build.0 = Debug|Any CPU
		{18C07DB3-6FAC-454A-AAB1-32D8AF3E8905}.Release|Any CPU.ActiveCfg = Release|Any CPU
		{18C07DB3-6FAC-454A-AAB1-32D8AF3E8905}.Release|Any CPU.Build.0 = Release|Any CPU
		{38FD34A9-6D18-4F54-B1ED-484854C334D2}.Debug|Any CPU.ActiveCfg = Debug|Any CPU
		{38FD34A9-6D18-4F54-B1ED-484854C334D2}.Debug|Any CPU.Build.0 = Debug|Any CPU
		{38FD34A9-6D18-4F54-B1ED-484854C334D2}.Release|Any CPU.ActiveCfg = Release|Any CPU
		{38FD34A9-6D18-4F54-B1ED-484854C334D2}.Release|Any CPU.Build.0 = Release|Any CPU
		{2151987F-19C4-4172-B4C4-B9D0573DDFBB}.Debug|Any CPU.ActiveCfg = Debug|Any CPU
		{2151987F-19C4-4172-B4C4-B9D0573DDFBB}.Debug|Any CPU.Build.0 = Debug|Any CPU
		{2151987F-19C4-4172-B4C4-B9D0573DDFBB}.Release|Any CPU.ActiveCfg = Release|Any CPU
		{2151987F-19C4-4172-B4C4-B9D0573DDFBB}.Release|Any CPU.Build.0 = Release|Any CPU
		{7C4631B2-B9A7-4C3A-A4CC-47CD02D04F6A}.Debug|Any CPU.ActiveCfg = Debug|Any CPU
		{7C4631B2-B9A7-4C3A-A4CC-47CD02D04F6A}.Debug|Any CPU.Build.0 = Debug|Any CPU
		{7C4631B2-B9A7-4C3A-A4CC-47CD02D04F6A}.Release|Any CPU.ActiveCfg = Release|Any CPU
		{7C4631B2-B9A7-4C3A-A4CC-47CD02D04F6A}.Release|Any CPU.Build.0 = Release|Any CPU
		{01715641-2737-4CAC-8520-E324DA17D7E6}.Debug|Any CPU.ActiveCfg = Debug|Any CPU
		{01715641-2737-4CAC-8520-E324DA17D7E6}.Debug|Any CPU.Build.0 = Debug|Any CPU
		{01715641-2737-4CAC-8520-E324DA17D7E6}.Release|Any CPU.ActiveCfg = Release|Any CPU
		{01715641-2737-4CAC-8520-E324DA17D7E6}.Release|Any CPU.Build.0 = Release|Any CPU
		{572BF5C5-18D0-4C14-9CA3-716E5C53F0AD}.Debug|Any CPU.ActiveCfg = Debug|Any CPU
		{572BF5C5-18D0-4C14-9CA3-716E5C53F0AD}.Debug|Any CPU.Build.0 = Debug|Any CPU
		{572BF5C5-18D0-4C14-9CA3-716E5C53F0AD}.Release|Any CPU.ActiveCfg = Release|Any CPU
		{572BF5C5-18D0-4C14-9CA3-716E5C53F0AD}.Release|Any CPU.Build.0 = Release|Any CPU
	EndGlobalSection
	GlobalSection(SolutionProperties) = preSolution
		HideSolutionNode = FALSE
	EndGlobalSection
	GlobalSection(NestedProjects) = preSolution
		{01715641-2737-4CAC-8520-E324DA17D7E6} = {45F97E5D-6F51-49A1-9407-8A1168BFC33F}
		{572BF5C5-18D0-4C14-9CA3-716E5C53F0AD} = {45F97E5D-6F51-49A1-9407-8A1168BFC33F}
	EndGlobalSection
	GlobalSection(ExtensibilityGlobals) = postSolution
		SolutionGuid = {2DD081CD-523A-4564-85CF-DF0D3CB84FB4}
	EndGlobalSection
EndGlobal
