
Microsoft Visual Studio Solution File, Format Version 12.00
# Visual Studio Version 16
VisualStudioVersion = 16.0.30128.74
MinimumVisualStudioVersion = 10.0.40219.1
Project("{9A19103F-16F7-4668-BE54-9A1E7A4F7556}") = "Blazor.AdminLte", "Blazor.AdminLte\Blazor.AdminLte.csproj", "{69F6B201-778C-4462-AEFA-F28D4A51ED1A}"
EndProject
Project("{FAE04EC0-301F-11D3-BF4B-00C04F79EFBC}") = "Blazor.AdminLte.Site", "Blazor.AdminLte.Site\Blazor.AdminLte.Site.csproj", "{1001CB02-ED97-411F-8F5A-AB82E90A9AEB}"
EndProject
Global
	GlobalSection(SolutionConfigurationPlatforms) = preSolution
		Debug|Any CPU = Debug|Any CPU
		Release|Any CPU = Release|Any CPU
	EndGlobalSection
	GlobalSection(ProjectConfigurationPlatforms) = postSolution
		{69F6B201-778C-4462-AEFA-F28D4A51ED1A}.Debug|Any CPU.ActiveCfg = Debug|Any CPU
		{69F6B201-778C-4462-AEFA-F28D4A51ED1A}.Debug|Any CPU.Build.0 = Debug|Any CPU
		{69F6B201-778C-4462-AEFA-F28D4A51ED1A}.Release|Any CPU.ActiveCfg = Release|Any CPU
		{69F6B201-778C-4462-AEFA-F28D4A51ED1A}.Release|Any CPU.Build.0 = Release|Any CPU
		{1001CB02-ED97-411F-8F5A-AB82E90A9AEB}.Debug|Any CPU.ActiveCfg = Debug|Any CPU
		{1001CB02-ED97-411F-8F5A-AB82E90A9AEB}.Debug|Any CPU.Build.0 = Debug|Any CPU
		{1001CB02-ED97-411F-8F5A-AB82E90A9AEB}.Release|Any CPU.ActiveCfg = Release|Any CPU
		{1001CB02-ED97-411F-8F5A-AB82E90A9AEB}.Release|Any CPU.Build.0 = Release|Any CPU
	EndGlobalSection
	GlobalSection(SolutionProperties) = preSolution
		HideSolutionNode = FALSE
	EndGlobalSection
	GlobalSection(ExtensibilityGlobals) = postSolution
		SolutionGuid = {2DD081CD-523A-4564-85CF-DF0D3CB84FB4}
	EndGlobalSection
EndGlobal
